
Microsoft Visual Studio Solution File, Format Version 12.00
# Visual Studio Version 16
VisualStudioVersion = 16.0.30611.23
MinimumVisualStudioVersion = 15.0.26124.0
Project("{FAE04EC0-301F-11D3-BF4B-00C04F79EFBC}") = "Programma_8.Objects", "Objects/Programma_8.Objects.csproj", "578f11c9-992e-44a3-869b-eb98acd26687"
EndProject
Project("{FAE04EC0-301F-11D3-BF4B-00C04F79EFBC}") = "Programma_8.Tests", "Tests/Programma_8.Tests.csproj", "68d1887a-1521-4ce4-bd3b-37fa7d30973e"
EndProject
Project("{FAE04EC0-301F-11D3-BF4B-00C04F79EFBC}") = "Programma_8.ODataBackend", "ODataBackend/Programma_8.ODataBackend.csproj", "a0b243e1-4a31-4ded-86fd-6138b5d343c7"
EndProject
Project("{FAE04EC0-301F-11D3-BF4B-00C04F79EFBC}") = "Programma_8.IntegrationTests", "IntegrationTests/Programma_8.IntegrationTests.csproj", "62257e68-8d33-4e04-9954-773b0c7a686a"
EndProject
Global
	GlobalSection(SolutionConfigurationPlatforms) = preSolution
Debug|Any CPU = Debug|Any CPU
Release|Any CPU = Release|Any CPU
	EndGlobalSection
	GlobalSection(ProjectConfigurationPlatforms) = postSolution
		578f11c9-992e-44a3-869b-eb98acd26687.Debug|Any CPU.ActiveCfg = Debug|Any CPU
		578f11c9-992e-44a3-869b-eb98acd26687.Debug|Any CPU.Build.0 = Debug|Any CPU
		578f11c9-992e-44a3-869b-eb98acd26687.Release|Any CPU.ActiveCfg = Release|Any CPU
		578f11c9-992e-44a3-869b-eb98acd26687.Release|Any CPU.Build.0 = Release|Any CPU
		68d1887a-1521-4ce4-bd3b-37fa7d30973e.Debug|Any CPU.ActiveCfg = Debug|Any CPU
		68d1887a-1521-4ce4-bd3b-37fa7d30973e.Debug|Any CPU.Build.0 = Debug|Any CPU
		68d1887a-1521-4ce4-bd3b-37fa7d30973e.Release|Any CPU.ActiveCfg = Release|Any CPU
		68d1887a-1521-4ce4-bd3b-37fa7d30973e.Release|Any CPU.Build.0 = Release|Any CPU
		a0b243e1-4a31-4ded-86fd-6138b5d343c7.Debug|Any CPU.ActiveCfg = Debug|Any CPU
		a0b243e1-4a31-4ded-86fd-6138b5d343c7.Debug|Any CPU.Build.0 = Debug|Any CPU
		a0b243e1-4a31-4ded-86fd-6138b5d343c7.Release|Any CPU.ActiveCfg = Release|Any CPU
		a0b243e1-4a31-4ded-86fd-6138b5d343c7.Release|Any CPU.Build.0 = Release|Any CPU
		62257e68-8d33-4e04-9954-773b0c7a686a.Debug|Any CPU.ActiveCfg = Debug|Any CPU
		62257e68-8d33-4e04-9954-773b0c7a686a.Debug|Any CPU.Build.0 = Debug|Any CPU
		62257e68-8d33-4e04-9954-773b0c7a686a.Release|Any CPU.ActiveCfg = Release|Any CPU
		62257e68-8d33-4e04-9954-773b0c7a686a.Release|Any CPU.Build.0 = Release|Any CPU
	EndGlobalSection
	GlobalSection(SolutionProperties) = preSolution
		HideSolutionNode = FALSE
	EndGlobalSection
EndGlobal
